// !$*UTF8*$!
{
	archiveVersion = 1;
	classes = {
	};
	objectVersion = 50;
	objects = {

/* Begin PBXBuildFile section */
		461651212357DB7F006F95EB /* AppDelegate.swift in Sources */ = {isa = PBXBuildFile; fileRef = 461651202357DB7F006F95EB /* AppDelegate.swift */; };
		461651232357DB7F006F95EB /* SceneDelegate.swift in Sources */ = {isa = PBXBuildFile; fileRef = 461651222357DB7F006F95EB /* SceneDelegate.swift */; };
		461651252357DB7F006F95EB /* ViewController.swift in Sources */ = {isa = PBXBuildFile; fileRef = 461651242357DB7F006F95EB /* ViewController.swift */; };
		461651282357DB7F006F95EB /* Main.storyboard in Resources */ = {isa = PBXBuildFile; fileRef = 461651262357DB7F006F95EB /* Main.storyboard */; };
		4616512A2357DB80006F95EB /* Assets.xcassets in Resources */ = {isa = PBXBuildFile; fileRef = 461651292357DB80006F95EB /* Assets.xcassets */; };
		4616512D2357DB80006F95EB /* LaunchScreen.storyboard in Resources */ = {isa = PBXBuildFile; fileRef = 4616512B2357DB80006F95EB /* LaunchScreen.storyboard */; };
		461651382357DB81006F95EB /* tmprTests.swift in Sources */ = {isa = PBXBuildFile; fileRef = 461651372357DB81006F95EB /* tmprTests.swift */; };
/* End PBXBuildFile section */

/* Begin PBXContainerItemProxy section */
		461651342357DB81006F95EB /* PBXContainerItemProxy */ = {
			isa = PBXContainerItemProxy;
			containerPortal = 461651152357DB7F006F95EB /* Project object */;
			proxyType = 1;
			remoteGlobalIDString = 4616511C2357DB7F006F95EB;
			remoteInfo = tmpr;
		};
/* End PBXContainerItemProxy section */

/* Begin PBXFileReference section */
		4616511D2357DB7F006F95EB /* tmpr.app */ = {isa = PBXFileReference; explicitFileType = wrapper.application; includeInIndex = 0; path = tmpr.app; sourceTree = BUILT_PRODUCTS_DIR; };
		461651202357DB7F006F95EB /* AppDelegate.swift */ = {isa = PBXFileReference; lastKnownFileType = sourcecode.swift; path = AppDelegate.swift; sourceTree = "<group>"; };
		461651222357DB7F006F95EB /* SceneDelegate.swift */ = {isa = PBXFileReference; lastKnownFileType = sourcecode.swift; path = SceneDelegate.swift; sourceTree = "<group>"; };
		461651242357DB7F006F95EB /* ViewController.swift */ = {isa = PBXFileReference; lastKnownFileType = sourcecode.swift; path = ViewController.swift; sourceTree = "<group>"; };
		461651272357DB7F006F95EB /* Base */ = {isa = PBXFileReference; lastKnownFileType = file.storyboard; name = Base; path = Base.lproj/Main.storyboard; sourceTree = "<group>"; };
		461651292357DB80006F95EB /* Assets.xcassets */ = {isa = PBXFileReference; lastKnownFileType = folder.assetcatalog; path = Assets.xcassets; sourceTree = "<group>"; };
		4616512C2357DB80006F95EB /* Base */ = {isa = PBXFileReference; lastKnownFileType = file.storyboard; name = Base; path = Base.lproj/LaunchScreen.storyboard; sourceTree = "<group>"; };
		4616512E2357DB80006F95EB /* Info.plist */ = {isa = PBXFileReference; lastKnownFileType = text.plist.xml; path = Info.plist; sourceTree = "<group>"; };
		461651332357DB81006F95EB /* tmprTests.xctest */ = {isa = PBXFileReference; explicitFileType = wrapper.cfbundle; includeInIndex = 0; path = tmprTests.xctest; sourceTree = BUILT_PRODUCTS_DIR; };
		461651372357DB81006F95EB /* tmprTests.swift */ = {isa = PBXFileReference; lastKnownFileType = sourcecode.swift; path = tmprTests.swift; sourceTree = "<group>"; };
		461651392357DB81006F95EB /* Info.plist */ = {isa = PBXFileReference; lastKnownFileType = text.plist.xml; path = Info.plist; sourceTree = "<group>"; };
/* End PBXFileReference section */

/* Begin PBXFrameworksBuildPhase section */
		4616511A2357DB7F006F95EB /* Frameworks */ = {
			isa = PBXFrameworksBuildPhase;
			buildActionMask = 2147483647;
			files = (
			);
			runOnlyForDeploymentPostprocessing = 0;
		};
		461651302357DB81006F95EB /* Frameworks */ = {
			isa = PBXFrameworksBuildPhase;
			buildActionMask = 2147483647;
			files = (
			);
			runOnlyForDeploymentPostprocessing = 0;
		};
/* End PBXFrameworksBuildPhase section */

/* Begin PBXGroup section */
		461651142357DB7F006F95EB = {
			isa = PBXGroup;
			children = (
				4616511F2357DB7F006F95EB /* tmpr */,
				461651362357DB81006F95EB /* tmprTests */,
				4616511E2357DB7F006F95EB /* Products */,
			);
			sourceTree = "<group>";
		};
		4616511E2357DB7F006F95EB /* Products */ = {
			isa = PBXGroup;
			children = (
				4616511D2357DB7F006F95EB /* tmpr.app */,
				461651332357DB81006F95EB /* tmprTests.xctest */,
			);
			name = Products;
			sourceTree = "<group>";
		};
		4616511F2357DB7F006F95EB /* tmpr */ = {
			isa = PBXGroup;
			children = (
				461651202357DB7F006F95EB /* AppDelegate.swift */,
				461651222357DB7F006F95EB /* SceneDelegate.swift */,
				461651242357DB7F006F95EB /* ViewController.swift */,
				461651262357DB7F006F95EB /* Main.storyboard */,
				461651292357DB80006F95EB /* Assets.xcassets */,
				4616512B2357DB80006F95EB /* LaunchScreen.storyboard */,
				4616512E2357DB80006F95EB /* Info.plist */,
			);
			path = tmpr;
			sourceTree = "<group>";
		};
		461651362357DB81006F95EB /* tmprTests */ = {
			isa = PBXGroup;
			children = (
				461651372357DB81006F95EB /* tmprTests.swift */,
				461651392357DB81006F95EB /* Info.plist */,
			);
			path = tmprTests;
			sourceTree = "<group>";
		};
/* End PBXGroup section */

/* Begin PBXNativeTarget section */
		4616511C2357DB7F006F95EB /* tmpr */ = {
			isa = PBXNativeTarget;
			buildConfigurationList = 4616513C2357DB81006F95EB /* Build configuration list for PBXNativeTarget "tmpr" */;
			buildPhases = (
				461651192357DB7F006F95EB /* Sources */,
				4616511A2357DB7F006F95EB /* Frameworks */,
				4616511B2357DB7F006F95EB /* Resources */,
			);
			buildRules = (
			);
			dependencies = (
			);
			name = tmpr;
			productName = tmpr;
			productReference = 4616511D2357DB7F006F95EB /* tmpr.app */;
			productType = "com.apple.product-type.application";
		};
		461651322357DB81006F95EB /* tmprTests */ = {
			isa = PBXNativeTarget;
			buildConfigurationList = 4616513F2357DB81006F95EB /* Build configuration list for PBXNativeTarget "tmprTests" */;
			buildPhases = (
				4616512F2357DB81006F95EB /* Sources */,
				461651302357DB81006F95EB /* Frameworks */,
				461651312357DB81006F95EB /* Resources */,
			);
			buildRules = (
			);
			dependencies = (
				461651352357DB81006F95EB /* PBXTargetDependency */,
			);
			name = tmprTests;
			productName = tmprTests;
			productReference = 461651332357DB81006F95EB /* tmprTests.xctest */;
			productType = "com.apple.product-type.bundle.unit-test";
		};
/* End PBXNativeTarget section */

/* Begin PBXProject section */
		461651152357DB7F006F95EB /* Project object */ = {
			isa = PBXProject;
			attributes = {
				LastSwiftUpdateCheck = 1100;
				LastUpgradeCheck = 1100;
				ORGANIZATIONNAME = "Frank Thamel";
				TargetAttributes = {
					4616511C2357DB7F006F95EB = {
						CreatedOnToolsVersion = 11.0;
					};
					461651322357DB81006F95EB = {
						CreatedOnToolsVersion = 11.0;
						TestTargetID = 4616511C2357DB7F006F95EB;
					};
				};
			};
			buildConfigurationList = 461651182357DB7F006F95EB /* Build configuration list for PBXProject "tmpr" */;
			compatibilityVersion = "Xcode 9.3";
			developmentRegion = en;
			hasScannedForEncodings = 0;
			knownRegions = (
				en,
				Base,
			);
			mainGroup = 461651142357DB7F006F95EB;
			productRefGroup = 4616511E2357DB7F006F95EB /* Products */;
			projectDirPath = "";
			projectRoot = "";
			targets = (
				4616511C2357DB7F006F95EB /* tmpr */,
				461651322357DB81006F95EB /* tmprTests */,
			);
		};
/* End PBXProject section */

/* Begin PBXResourcesBuildPhase section */
		4616511B2357DB7F006F95EB /* Resources */ = {
			isa = PBXResourcesBuildPhase;
			buildActionMask = 2147483647;
			files = (
				4616512D2357DB80006F95EB /* LaunchScreen.storyboard in Resources */,
				4616512A2357DB80006F95EB /* Assets.xcassets in Resources */,
				461651282357DB7F006F95EB /* Main.storyboard in Resources */,
			);
			runOnlyForDeploymentPostprocessing = 0;
		};
		461651312357DB81006F95EB /* Resources */ = {
			isa = PBXResourcesBuildPhase;
			buildActionMask = 2147483647;
			files = (
			);
			runOnlyForDeploymentPostprocessing = 0;
		};
/* End PBXResourcesBuildPhase section */

/* Begin PBXSourcesBuildPhase section */
		461651192357DB7F006F95EB /* Sources */ = {
			isa = PBXSourcesBuildPhase;
			buildActionMask = 2147483647;
			files = (
				461651252357DB7F006F95EB /* ViewController.swift in Sources */,
				461651212357DB7F006F95EB /* AppDelegate.swift in Sources */,
				461651232357DB7F006F95EB /* SceneDelegate.swift in Sources */,
			);
			runOnlyForDeploymentPostprocessing = 0;
		};
		4616512F2357DB81006F95EB /* Sources */ = {
			isa = PBXSourcesBuildPhase;
			buildActionMask = 2147483647;
			files = (
				461651382357DB81006F95EB /* tmprTests.swift in Sources */,
			);
			runOnlyForDeploymentPostprocessing = 0;
		};
/* End PBXSourcesBuildPhase section */

/* Begin PBXTargetDependency section */
		461651352357DB81006F95EB /* PBXTargetDependency */ = {
			isa = PBXTargetDependency;
			target = 4616511C2357DB7F006F95EB /* tmpr */;
			targetProxy = 461651342357DB81006F95EB /* PBXContainerItemProxy */;
		};
/* End PBXTargetDependency section */

/* Begin PBXVariantGroup section */
		461651262357DB7F006F95EB /* Main.storyboard */ = {
			isa = PBXVariantGroup;
			children = (
				461651272357DB7F006F95EB /* Base */,
			);
			name = Main.storyboard;
			sourceTree = "<group>";
		};
		4616512B2357DB80006F95EB /* LaunchScreen.storyboard */ = {
			isa = PBXVariantGroup;
			children = (
				4616512C2357DB80006F95EB /* Base */,
			);
			name = LaunchScreen.storyboard;
			sourceTree = "<group>";
		};
/* End PBXVariantGroup section */

/* Begin XCBuildConfiguration section */
		4616513A2357DB81006F95EB /* Debug */ = {
			isa = XCBuildConfiguration;
			buildSettings = {
				ALWAYS_SEARCH_USER_PATHS = NO;
				CLANG_ANALYZER_NONNULL = YES;
				CLANG_ANALYZER_NUMBER_OBJECT_CONVERSION = YES_AGGRESSIVE;
				CLANG_CXX_LANGUAGE_STANDARD = "gnu++14";
				CLANG_CXX_LIBRARY = "libc++";
				CLANG_ENABLE_MODULES = YES;
				CLANG_ENABLE_OBJC_ARC = YES;
				CLANG_ENABLE_OBJC_WEAK = YES;
				CLANG_WARN_BLOCK_CAPTURE_AUTORELEASING = YES;
				CLANG_WARN_BOOL_CONVERSION = YES;
				CLANG_WARN_COMMA = YES;
				CLANG_WARN_CONSTANT_CONVERSION = YES;
				CLANG_WARN_DEPRECATED_OBJC_IMPLEMENTATIONS = YES;
				CLANG_WARN_DIRECT_OBJC_ISA_USAGE = YES_ERROR;
				CLANG_WARN_DOCUMENTATION_COMMENTS = YES;
				CLANG_WARN_EMPTY_BODY = YES;
				CLANG_WARN_ENUM_CONVERSION = YES;
				CLANG_WARN_INFINITE_RECURSION = YES;
				CLANG_WARN_INT_CONVERSION = YES;
				CLANG_WARN_NON_LITERAL_NULL_CONVERSION = YES;
				CLANG_WARN_OBJC_IMPLICIT_RETAIN_SELF = YES;
				CLANG_WARN_OBJC_LITERAL_CONVERSION = YES;
				CLANG_WARN_OBJC_ROOT_CLASS = YES_ERROR;
				CLANG_WARN_RANGE_LOOP_ANALYSIS = YES;
				CLANG_WARN_STRICT_PROTOTYPES = YES;
				CLANG_WARN_SUSPICIOUS_MOVE = YES;
				CLANG_WARN_UNGUARDED_AVAILABILITY = YES_AGGRESSIVE;
				CLANG_WARN_UNREACHABLE_CODE = YES;
				CLANG_WARN__DUPLICATE_METHOD_MATCH = YES;
				COPY_PHASE_STRIP = NO;
				DEBUG_INFORMATION_FORMAT = dwarf;
				ENABLE_STRICT_OBJC_MSGSEND = YES;
				ENABLE_TESTABILITY = YES;
				GCC_C_LANGUAGE_STANDARD = gnu11;
				GCC_DYNAMIC_NO_PIC = NO;
				GCC_NO_COMMON_BLOCKS = YES;
				GCC_OPTIMIZATION_LEVEL = 0;
				GCC_PREPROCESSOR_DEFINITIONS = (
					"DEBUG=1",
					"$(inherited)",
				);
				GCC_WARN_64_TO_32_BIT_CONVERSION = YES;
				GCC_WARN_ABOUT_RETURN_TYPE = YES_ERROR;
				GCC_WARN_UNDECLARED_SELECTOR = YES;
				GCC_WARN_UNINITIALIZED_AUTOS = YES_AGGRESSIVE;
				GCC_WARN_UNUSED_FUNCTION = YES;
				GCC_WARN_UNUSED_VARIABLE = YES;
				IPHONEOS_DEPLOYMENT_TARGET = 13.0;
				MTL_ENABLE_DEBUG_INFO = INCLUDE_SOURCE;
				MTL_FAST_MATH = YES;
				ONLY_ACTIVE_ARCH = YES;
				SDKROOT = iphoneos;
				SWIFT_ACTIVE_COMPILATION_CONDITIONS = DEBUG;
				SWIFT_OPTIMIZATION_LEVEL = "-Onone";
			};
			name = Debug;
		};
		4616513B2357DB81006F95EB /* Release */ = {
			isa = XCBuildConfiguration;
			buildSettings = {
				ALWAYS_SEARCH_USER_PATHS = NO;
				CLANG_ANALYZER_NONNULL = YES;
				CLANG_ANALYZER_NUMBER_OBJECT_CONVERSION = YES_AGGRESSIVE;
				CLANG_CXX_LANGUAGE_STANDARD = "gnu++14";
				CLANG_CXX_LIBRARY = "libc++";
				CLANG_ENABLE_MODULES = YES;
				CLANG_ENABLE_OBJC_ARC = YES;
				CLANG_ENABLE_OBJC_WEAK = YES;
				CLANG_WARN_BLOCK_CAPTURE_AUTORELEASING = YES;
				CLANG_WARN_BOOL_CONVERSION = YES;
				CLANG_WARN_COMMA = YES;
				CLANG_WARN_CONSTANT_CONVERSION = YES;
				CLANG_WARN_DEPRECATED_OBJC_IMPLEMENTATIONS = YES;
				CLANG_WARN_DIRECT_OBJC_ISA_USAGE = YES_ERROR;
				CLANG_WARN_DOCUMENTATION_COMMENTS = YES;
				CLANG_WARN_EMPTY_BODY = YES;
				CLANG_WARN_ENUM_CONVERSION = YES;
				CLANG_WARN_INFINITE_RECURSION = YES;
				CLANG_WARN_INT_CONVERSION = YES;
				CLANG_WARN_NON_LITERAL_NULL_CONVERSION = YES;
				CLANG_WARN_OBJC_IMPLICIT_RETAIN_SELF = YES;
				CLANG_WARN_OBJC_LITERAL_CONVERSION = YES;
				CLANG_WARN_OBJC_ROOT_CLASS = YES_ERROR;
				CLANG_WARN_RANGE_LOOP_ANALYSIS = YES;
				CLANG_WARN_STRICT_PROTOTYPES = YES;
				CLANG_WARN_SUSPICIOUS_MOVE = YES;
				CLANG_WARN_UNGUARDED_AVAILABILITY = YES_AGGRESSIVE;
				CLANG_WARN_UNREACHABLE_CODE = YES;
				CLANG_WARN__DUPLICATE_METHOD_MATCH = YES;
				COPY_PHASE_STRIP = NO;
				DEBUG_INFORMATION_FORMAT = "dwarf-with-dsym";
				ENABLE_NS_ASSERTIONS = NO;
				ENABLE_STRICT_OBJC_MSGSEND = YES;
				GCC_C_LANGUAGE_STANDARD = gnu11;
				GCC_NO_COMMON_BLOCKS = YES;
				GCC_WARN_64_TO_32_BIT_CONVERSION = YES;
				GCC_WARN_ABOUT_RETURN_TYPE = YES_ERROR;
				GCC_WARN_UNDECLARED_SELECTOR = YES;
				GCC_WARN_UNINITIALIZED_AUTOS = YES_AGGRESSIVE;
				GCC_WARN_UNUSED_FUNCTION = YES;
				GCC_WARN_UNUSED_VARIABLE = YES;
				IPHONEOS_DEPLOYMENT_TARGET = 13.0;
				MTL_ENABLE_DEBUG_INFO = NO;
				MTL_FAST_MATH = YES;
				SDKROOT = iphoneos;
				SWIFT_COMPILATION_MODE = wholemodule;
				SWIFT_OPTIMIZATION_LEVEL = "-O";
				VALIDATE_PRODUCT = YES;
			};
			name = Release;
		};
		4616513D2357DB81006F95EB /* Debug */ = {
			isa = XCBuildConfiguration;
			buildSettings = {
				ASSETCATALOG_COMPILER_APPICON_NAME = AppIcon;
				CODE_SIGN_STYLE = Automatic;
				INFOPLIST_FILE = tmpr/Info.plist;
				LD_RUNPATH_SEARCH_PATHS = (
					"$(inherited)",
					"@executable_path/Frameworks",
				);
				PRODUCT_BUNDLE_IDENTIFIER = com.frank.tmpr;
				PRODUCT_NAME = "$(TARGET_NAME)";
				SWIFT_VERSION = 5.0;
				TARGETED_DEVICE_FAMILY = "1,2";
			};
			name = Debug;
		};
		4616513E2357DB81006F95EB /* Release */ = {
			isa = XCBuildConfiguration;
			buildSettings = {
				ASSETCATALOG_COMPILER_APPICON_NAME = AppIcon;
				CODE_SIGN_STYLE = Automatic;
				INFOPLIST_FILE = tmpr/Info.plist;
				LD_RUNPATH_SEARCH_PATHS = (
					"$(inherited)",
					"@executable_path/Frameworks",
				);
				PRODUCT_BUNDLE_IDENTIFIER = com.frank.tmpr;
				PRODUCT_NAME = "$(TARGET_NAME)";
				SWIFT_VERSION = 5.0;
				TARGETED_DEVICE_FAMILY = "1,2";
			};
			name = Release;
		};
		461651402357DB81006F95EB /* Debug */ = {
			isa = XCBuildConfiguration;
			buildSettings = {
				ALWAYS_EMBED_SWIFT_STANDARD_LIBRARIES = YES;
				BUNDLE_LOADER = "$(TEST_HOST)";
				CODE_SIGN_STYLE = Automatic;
				INFOPLIST_FILE = tmprTests/Info.plist;
				IPHONEOS_DEPLOYMENT_TARGET = 13.0;
				LD_RUNPATH_SEARCH_PATHS = (
					"$(inherited)",
					"@executable_path/Frameworks",
					"@loader_path/Frameworks",
				);
				PRODUCT_BUNDLE_IDENTIFIER = com.frank.tmprTests;
				PRODUCT_NAME = "$(TARGET_NAME)";
				SWIFT_VERSION = 5.0;
				TARGETED_DEVICE_FAMILY = "1,2";
				TEST_HOST = "$(BUILT_PRODUCTS_DIR)/tmpr.app/tmpr";
			};
			name = Debug;
		};
		461651412357DB81006F95EB /* Release */ = {
			isa = XCBuildConfiguration;
			buildSettings = {
				ALWAYS_EMBED_SWIFT_STANDARD_LIBRARIES = YES;
				BUNDLE_LOADER = "$(TEST_HOST)";
				CODE_SIGN_STYLE = Automatic;
				INFOPLIST_FILE = tmprTests/Info.plist;
				IPHONEOS_DEPLOYMENT_TARGET = 13.0;
				LD_RUNPATH_SEARCH_PATHS = (
					"$(inherited)",
					"@executable_path/Frameworks",
					"@loader_path/Frameworks",
				);
				PRODUCT_BUNDLE_IDENTIFIER = com.frank.tmprTests;
				PRODUCT_NAME = "$(TARGET_NAME)";
				SWIFT_VERSION = 5.0;
				TARGETED_DEVICE_FAMILY = "1,2";
				TEST_HOST = "$(BUILT_PRODUCTS_DIR)/tmpr.app/tmpr";
			};
			name = Release;
		};
/* End XCBuildConfiguration section */

/* Begin XCConfigurationList section */
		461651182357DB7F006F95EB /* Build configuration list for PBXProject "tmpr" */ = {
			isa = XCConfigurationList;
			buildConfigurations = (
				4616513A2357DB81006F95EB /* Debug */,
				4616513B2357DB81006F95EB /* Release */,
			);
			defaultConfigurationIsVisible = 0;
			defaultConfigurationName = Release;
		};
		4616513C2357DB81006F95EB /* Build configuration list for PBXNativeTarget "tmpr" */ = {
			isa = XCConfigurationList;
			buildConfigurations = (
				4616513D2357DB81006F95EB /* Debug */,
				4616513E2357DB81006F95EB /* Release */,
			);
			defaultConfigurationIsVisible = 0;
			defaultConfigurationName = Release;
		};
		4616513F2357DB81006F95EB /* Build configuration list for PBXNativeTarget "tmprTests" */ = {
			isa = XCConfigurationList;
			buildConfigurations = (
				461651402357DB81006F95EB /* Debug */,
				461651412357DB81006F95EB /* Release */,
			);
			defaultConfigurationIsVisible = 0;
			defaultConfigurationName = Release;
		};
/* End XCConfigurationList section */
	};
	rootObject = 461651152357DB7F006F95EB /* Project object */;
}
